
Microsoft Visual Studio Solution File, Format Version 12.00
# Visual Studio Version 17
VisualStudioVersion = 17.5.002.0
MinimumVisualStudioVersion = 10.0.40219.1
Project("{9A19103F-16F7-4668-BE54-9A1E7A4F7556}") = "YpassDesktop", "YpassDesktop.csproj", "{9A40E8C1-FEFB-4B04-AAB2-7F5E7FA64565}"
EndProject
Global
	GlobalSection(SolutionConfigurationPlatforms) = preSolution
		Debug|Any CPU = Debug|Any CPU
		Release|Any CPU = Release|Any CPU
	EndGlobalSection
	GlobalSection(ProjectConfigurationPlatforms) = postSolution
		{9A40E8C1-FEFB-4B04-AAB2-7F5E7FA64565}.Debug|Any CPU.ActiveCfg = Debug|Any CPU
		{9A40E8C1-FEFB-4B04-AAB2-7F5E7FA64565}.Debug|Any CPU.Build.0 = Debug|Any CPU
		{9A40E8C1-FEFB-4B04-AAB2-7F5E7FA64565}.Release|Any CPU.ActiveCfg = Release|Any CPU
		{9A40E8C1-FEFB-4B04-AAB2-7F5E7FA64565}.Release|Any CPU.Build.0 = Release|Any CPU
	EndGlobalSection
	GlobalSection(SolutionProperties) = preSolution
		HideSolutionNode = FALSE
	EndGlobalSection
	GlobalSection(ExtensibilityGlobals) = postSolution
		SolutionGuid = {B693FD4E-FB03-4CC7-91C3-ECE6699EDB04}
	EndGlobalSection
EndGlobal
